<?xml version="1.0" encoding="UTF-8"?>
<CONFIG>
  <ProjectOptions>
    <Version Value="11"/>
    <PathDelim Value="\"/>
    <General>
      <MainUnit Value="0"/>
      <ResourceType Value="res"/>
      <UseXPManifest Value="True"/>
      <Icon Value="0"/>
    </General>
    <i18n>
      <EnableI18N LFM="False"/>
    </i18n>
    <VersionInfo>
      <UseVersionInfo Value="True"/>
      <MinorVersionNr Value="3"/>
      <RevisionNr Value="1"/>
      <BuildNr Value="7"/>
      <Language Value="0419"/>
      <CharSet Value="04B0"/>
      <Attributes pvaPreRelease="True"/>
    </VersionInfo>
    <BuildModes Count="1" Active="Default">
      <Item1 Name="Default" Default="True"/>
    </BuildModes>
    <PublishOptions>
      <Version Value="2"/>
    </PublishOptions>
    <RunParams>
      <FormatVersion Value="2"/>
      <Modes Count="1">
        <Mode0 Name="default"/>
      </Modes>
    </RunParams>
    <RequiredPackages Count="1">
      <Item1>
        <PackageName Value="LCL"/>
      </Item1>
    </RequiredPackages>
    <Units Count="20">
      <Unit0>
        <Filename Value="TesterHelper.lpr"/>
        <IsPartOfProject Value="True"/>
        <EditorIndex Value="-1"/>
        <CursorPos X="32" Y="11"/>
        <UsageCount Value="442"/>
      </Unit0>
      <Unit1>
        <Filename Value="umain.pas"/>
        <IsPartOfProject Value="True"/>
        <ComponentName Value="MainForm"/>
        <HasResources Value="True"/>
        <ResourceBaseClass Value="Form"/>
        <UnitName Value="UMain"/>
        <IsVisibleTab Value="True"/>
        <TopLine Value="1616"/>
        <CursorPos X="7" Y="1633"/>
        <UsageCount Value="442"/>
        <Loaded Value="True"/>
        <LoadedDesigner Value="True"/>
      </Unit1>
      <Unit2>
        <Filename Value="ugeneration.pas"/>
        <IsPartOfProject Value="True"/>
        <UnitName Value="uGeneration"/>
        <EditorIndex Value="2"/>
        <TopLine Value="649"/>
        <CursorPos X="39" Y="576"/>
        <UsageCount Value="442"/>
        <Loaded Value="True"/>
      </Unit2>
      <Unit3>
        <Filename Value="UWorkExcel.pas"/>
        <IsPartOfProject Value="True"/>
        <EditorIndex Value="-1"/>
        <CursorPos X="38" Y="4"/>
        <UsageCount Value="439"/>
      </Unit3>
      <Unit4>
        <Filename Value="uProcInfo.pas"/>
        <IsPartOfProject Value="True"/>
        <EditorIndex Value="-1"/>
        <TopLine Value="77"/>
        <CursorPos Y="105"/>
        <UsageCount Value="371"/>
      </Unit4>
      <Unit5>
        <Filename Value="ueditstringsparam.pas"/>
        <IsPartOfProject Value="True"/>
        <ComponentName Value="StringsParamForm"/>
        <HasResources Value="True"/>
        <ResourceBaseClass Value="Form"/>
        <UnitName Value="uEditStringsParam"/>
        <EditorIndex Value="3"/>
        <TopLine Value="34"/>
        <CursorPos X="28" Y="113"/>
        <UsageCount Value="332"/>
        <Loaded Value="True"/>
        <LoadedDesigner Value="True"/>
      </Unit5>
      <Unit6>
        <Filename Value="ulistoperation.pas"/>
        <IsPartOfProject Value="True"/>
        <UnitName Value="uListOperation"/>
        <EditorIndex Value="5"/>
        <CursorPos X="20"/>
        <UsageCount Value="279"/>
        <Loaded Value="True"/>
      </Unit6>
      <Unit7>
        <Filename Value="uphrasetemplate.pas"/>
        <IsPartOfProject Value="True"/>
        <ComponentName Value="PhraseTemplateForm"/>
        <HasResources Value="True"/>
        <ResourceBaseClass Value="Form"/>
        <UnitName Value="uPhraseTemplate"/>
        <EditorIndex Value="4"/>
        <TopLine Value="58"/>
        <CursorPos X="14" Y="55"/>
        <UsageCount Value="236"/>
        <Loaded Value="True"/>
        <LoadedDesigner Value="True"/>
      </Unit7>
      <Unit8>
        <Filename Value="D:\Soft\lazarus\lcl\include\wincontrol.inc"/>
        <EditorIndex Value="-1"/>
        <TopLine Value="5406"/>
        <CursorPos Y="5420"/>
        <UsageCount Value="8"/>
      </Unit8>
      <Unit9>
        <Filename Value="D:\Soft\lazarus\lcl\include\control.inc"/>
        <EditorIndex Value="-1"/>
        <TopLine Value="2230"/>
        <CursorPos Y="2244"/>
        <UsageCount Value="8"/>
      </Unit9>
      <Unit10>
        <Filename Value="D:\Soft\lazarus\lcl\lclmessageglue.pas"/>
        <UnitName Value="LCLMessageGlue"/>
        <EditorIndex Value="-1"/>
        <TopLine Value="105"/>
        <CursorPos Y="123"/>
        <UsageCount Value="8"/>
      </Unit10>
      <Unit11>
        <Filename Value="D:\Soft\lazarus\lcl\interfaces\win32\win32callback.inc"/>
        <EditorIndex Value="-1"/>
        <TopLine Value="2585"/>
        <CursorPos Y="2609"/>
        <UsageCount Value="8"/>
      </Unit11>
      <Unit12>
        <Filename Value="D:\Soft\Lazarus\lcl\stdctrls.pp"/>
        <UnitName Value="StdCtrls"/>
        <EditorIndex Value="-1"/>
        <TopLine Value="479"/>
        <CursorPos X="14" Y="488"/>
        <UsageCount Value="2"/>
      </Unit12>
      <Unit13>
        <Filename Value="umain.lfm"/>
        <ComponentName Value="MainForm"/>
        <HasResources Value="True"/>
        <ResourceBaseClass Value="Form"/>
        <EditorIndex Value="-1"/>
        <UsageCount Value="3"/>
        <DefaultSyntaxHighlighter Value="LFM"/>
      </Unit13>
      <Unit14>
        <Filename Value="ufastphrases.pas"/>
        <IsPartOfProject Value="True"/>
        <ComponentName Value="FastPhrasesForm"/>
        <HasResources Value="True"/>
        <ResourceBaseClass Value="Form"/>
        <UnitName Value="uFastPhrases"/>
        <EditorIndex Value="1"/>
        <TopLine Value="137"/>
        <CursorPos X="26" Y="150"/>
        <UsageCount Value="86"/>
        <Loaded Value="True"/>
        <LoadedDesigner Value="True"/>
      </Unit14>
      <Unit15>
        <Filename Value="D:\Library\Lazarus\lcl\include\control.inc"/>
        <EditorIndex Value="-1"/>
        <TopLine Value="2216"/>
        <CursorPos Y="2244"/>
        <UsageCount Value="4"/>
      </Unit15>
      <Unit16>
        <Filename Value="D:\Library\Lazarus\lcl\include\buttoncontrol.inc"/>
        <EditorIndex Value="-1"/>
        <TopLine Value="6"/>
        <CursorPos Y="22"/>
        <UsageCount Value="4"/>
      </Unit16>
      <Unit17>
        <Filename Value="D:\Library\Lazarus\lcl\include\buttons.inc"/>
        <EditorIndex Value="-1"/>
        <TopLine Value="141"/>
        <CursorPos Y="170"/>
        <UsageCount Value="4"/>
      </Unit17>
      <Unit18>
        <Filename Value="D:\Library\Lazarus\lcl\include\wincontrol.inc"/>
        <EditorIndex Value="-1"/>
        <TopLine Value="5384"/>
        <CursorPos Y="5412"/>
        <UsageCount Value="4"/>
      </Unit18>
      <Unit19>
        <Filename Value="..\..\Delphi\FinishedProject\CdInfo\DobDel.pas"/>
        <EditorIndex Value="-1"/>
        <TopLine Value="4"/>
        <UsageCount Value="10"/>
      </Unit19>
    </Units>
    <JumpHistory Count="30" HistoryIndex="29">
      <Position1>
        <Filename Value="ufastphrases.pas"/>
        <Caret Line="11" Column="3"/>
      </Position1>
      <Position2>
        <Filename Value="ufastphrases.pas"/>
        <Caret Line="161" Column="34" TopLine="144"/>
      </Position2>
      <Position3>
        <Filename Value="ufastphrases.pas"/>
        <Caret Line="175" Column="40" TopLine="157"/>
      </Position3>
      <Position4>
        <Filename Value="ufastphrases.pas"/>
        <Caret Line="41" Column="34" TopLine="29"/>
      </Position4>
      <Position5>
        <Filename Value="ufastphrases.pas"/>
        <Caret Line="42" Column="26" TopLine="30"/>
      </Position5>
      <Position6>
        <Filename Value="umain.pas"/>
        <Caret Line="1485" Column="63" TopLine="852"/>
      </Position6>
      <Position7>
        <Filename Value="umain.pas"/>
      </Position7>
      <Position8>
        <Filename Value="ufastphrases.pas"/>
        <Caret Line="171" Column="40" TopLine="150"/>
      </Position8>
      <Position9>
        <Filename Value="ufastphrases.pas"/>
        <Caret Line="165" TopLine="99"/>
      </Position9>
      <Position10>
        <Filename Value="ufastphrases.pas"/>
        <Caret Line="64" Column="5" TopLine="53"/>
      </Position10>
      <Position11>
        <Filename Value="ugeneration.pas"/>
        <Caret Line="661" Column="51" TopLine="644"/>
      </Position11>
      <Position12>
        <Filename Value="ugeneration.pas"/>
        <Caret Line="642" Column="39" TopLine="626"/>
      </Position12>
      <Position13>
        <Filename Value="ufastphrases.pas"/>
        <Caret Line="164" TopLine="143"/>
      </Position13>
      <Position14>
        <Filename Value="ufastphrases.pas"/>
        <Caret Line="165" TopLine="143"/>
      </Position14>
      <Position15>
        <Filename Value="ufastphrases.pas"/>
        <Caret Line="166" TopLine="143"/>
      </Position15>
      <Position16>
        <Filename Value="ufastphrases.pas"/>
        <Caret Line="167" TopLine="143"/>
      </Position16>
      <Position17>
        <Filename Value="ufastphrases.pas"/>
        <Caret Line="144" TopLine="137"/>
      </Position17>
      <Position18>
        <Filename Value="ufastphrases.pas"/>
        <Caret Line="145" TopLine="137"/>
      </Position18>
      <Position19>
        <Filename Value="ufastphrases.pas"/>
        <Caret Line="146" TopLine="137"/>
      </Position19>
      <Position20>
        <Filename Value="umain.pas"/>
        <Caret Line="287" Column="42" TopLine="261"/>
      </Position20>
      <Position21>
        <Filename Value="umain.pas"/>
        <Caret Line="289" Column="42" TopLine="263"/>
      </Position21>
      <Position22>
        <Filename Value="umain.pas"/>
        <Caret Line="288" Column="42" TopLine="237"/>
      </Position22>
      <Position23>
        <Filename Value="umain.pas"/>
        <Caret Line="289" Column="42" TopLine="255"/>
      </Position23>
      <Position24>
        <Filename Value="umain.pas"/>
        <Caret Line="290" Column="42" TopLine="256"/>
      </Position24>
      <Position25>
        <Filename Value="umain.pas"/>
        <Caret Line="292" Column="42" TopLine="258"/>
      </Position25>
      <Position26>
        <Filename Value="umain.pas"/>
        <Caret Line="1633" Column="9" TopLine="1622"/>
      </Position26>
      <Position27>
        <Filename Value="umain.pas"/>
        <Caret Line="1481" Column="42" TopLine="1481"/>
      </Position27>
      <Position28>
        <Filename Value="umain.pas"/>
        <Caret Line="1633" Column="27" TopLine="1631"/>
      </Position28>
      <Position29>
        <Filename Value="umain.pas"/>
        <Caret Line="292" Column="43" TopLine="276"/>
      </Position29>
      <Position30>
        <Filename Value="umain.pas"/>
        <Caret Line="1633" Column="40" TopLine="1616"/>
      </Position30>
    </JumpHistory>
  </ProjectOptions>
  <CompilerOptions>
    <Version Value="11"/>
    <PathDelim Value="\"/>
    <Target>
      <Filename Value="TesterHelper"/>
    </Target>
    <SearchPaths>
      <IncludeFiles Value="$(ProjOutDir)"/>
      <OtherUnitFiles Value="..\Test"/>
      <UnitOutputDirectory Value="lib\$(TargetCPU)-$(TargetOS)"/>
    </SearchPaths>
    <Parsing>
      <SyntaxOptions>
        <IncludeAssertionCode Value="True"/>
      </SyntaxOptions>
    </Parsing>
    <CodeGeneration>
      <SmartLinkUnit Value="True"/>
      <Checks>
        <IOChecks Value="True"/>
        <RangeChecks Value="True"/>
        <OverflowChecks Value="True"/>
        <StackChecks Value="True"/>
      </Checks>
      <VerifyObjMethodCallValidity Value="True"/>
      <Optimizations>
        <OptimizationLevel Value="3"/>
      </Optimizations>
      <SmallerCode Value="True"/>
    </CodeGeneration>
    <Linking>
      <Debugging>
        <GenerateDebugInfo Value="False"/>
        <DebugInfoType Value="dsDwarf2Set"/>
        <StripSymbols Value="True"/>
        <UseExternalDbgSyms Value="True"/>
      </Debugging>
      <LinkSmart Value="True"/>
      <Options>
        <Win32>
          <GraphicApplication Value="True"/>
        </Win32>
      </Options>
    </Linking>
  </CompilerOptions>
  <Debugging>
    <Watches Count="4">
      <Item1>
        <Expression Value="TempStr"/>
      </Item1>
      <Item2>
        <Expression Value="PosI"/>
      </Item2>
      <Item3>
        <Expression Value="TempMemo.Text"/>
      </Item3>
      <Item4>
        <Expression Value="Sender.Caption"/>
      </Item4>
    </Watches>
    <Exceptions Count="3">
      <Item1>
        <Name Value="EAbort"/>
      </Item1>
      <Item2>
        <Name Value="ECodetoolError"/>
      </Item2>
      <Item3>
        <Name Value="EFOpenError"/>
      </Item3>
    </Exceptions>
  </Debugging>
</CONFIG>
