<?xml version="1.0" encoding="UTF-8"?>
<CONFIG>
  <ProjectOptions>
    <Version Value="11"/>
    <PathDelim Value="\"/>
    <General>
      <MainUnit Value="0"/>
      <ResourceType Value="res"/>
      <UseXPManifest Value="True"/>
      <Icon Value="0"/>
    </General>
    <i18n>
      <EnableI18N LFM="False"/>
    </i18n>
    <VersionInfo>
      <UseVersionInfo Value="True"/>
      <MinorVersionNr Value="3"/>
      <RevisionNr Value="1"/>
      <BuildNr Value="2"/>
      <Language Value="0419"/>
      <CharSet Value="04B0"/>
      <Attributes pvaPreRelease="True"/>
    </VersionInfo>
    <BuildModes Count="1" Active="Default">
      <Item1 Name="Default" Default="True"/>
    </BuildModes>
    <PublishOptions>
      <Version Value="2"/>
    </PublishOptions>
    <RunParams>
      <FormatVersion Value="2"/>
      <Modes Count="1">
        <Mode0 Name="default"/>
      </Modes>
    </RunParams>
    <RequiredPackages Count="1">
      <Item1>
        <PackageName Value="LCL"/>
      </Item1>
    </RequiredPackages>
    <Units Count="11">
      <Unit0>
        <Filename Value="TesterHelper.lpr"/>
        <IsPartOfProject Value="True"/>
        <EditorIndex Value="4"/>
        <CursorPos X="87" Y="10"/>
        <UsageCount Value="442"/>
        <Loaded Value="True"/>
      </Unit0>
      <Unit1>
        <Filename Value="umain.pas"/>
        <IsPartOfProject Value="True"/>
        <ComponentName Value="MainForm"/>
        <HasResources Value="True"/>
        <ResourceBaseClass Value="Form"/>
        <UnitName Value="UMain"/>
        <IsVisibleTab Value="True"/>
        <TopLine Value="746"/>
        <CursorPos X="27" Y="767"/>
        <UsageCount Value="442"/>
        <Loaded Value="True"/>
        <LoadedDesigner Value="True"/>
      </Unit1>
      <Unit2>
        <Filename Value="ugeneration.pas"/>
        <IsPartOfProject Value="True"/>
        <UnitName Value="uGeneration"/>
        <EditorIndex Value="5"/>
        <TopLine Value="568"/>
        <CursorPos X="50" Y="5"/>
        <UsageCount Value="442"/>
        <Loaded Value="True"/>
      </Unit2>
      <Unit3>
        <Filename Value="UWorkExcel.pas"/>
        <IsPartOfProject Value="True"/>
        <TopLine Value="16"/>
        <CursorPos X="60" Y="170"/>
        <UsageCount Value="439"/>
      </Unit3>
      <Unit4>
        <Filename Value="uProcInfo.pas"/>
        <IsPartOfProject Value="True"/>
        <EditorIndex Value="-1"/>
        <TopLine Value="160"/>
        <CursorPos X="12" Y="206"/>
        <UsageCount Value="371"/>
      </Unit4>
      <Unit5>
        <Filename Value="D:\Soft\lazarus\lcl\forms.pp"/>
        <UnitName Value="Forms"/>
        <EditorIndex Value="-1"/>
        <UsageCount Value="9"/>
      </Unit5>
      <Unit6>
        <Filename Value="ueditstringsparam.pas"/>
        <IsPartOfProject Value="True"/>
        <ComponentName Value="StringsParamForm"/>
        <HasResources Value="True"/>
        <ResourceBaseClass Value="Form"/>
        <UnitName Value="uEditStringsParam"/>
        <EditorIndex Value="1"/>
        <TopLine Value="109"/>
        <CursorPos X="29" Y="115"/>
        <UsageCount Value="332"/>
        <Loaded Value="True"/>
        <LoadedDesigner Value="True"/>
      </Unit6>
      <Unit7>
        <Filename Value="ulistoperation.pas"/>
        <IsPartOfProject Value="True"/>
        <UnitName Value="uListOperation"/>
        <EditorIndex Value="3"/>
        <TopLine Value="47"/>
        <CursorPos X="43" Y="75"/>
        <UsageCount Value="279"/>
        <Loaded Value="True"/>
      </Unit7>
      <Unit8>
        <Filename Value="D:\Soft\lazarus\fpc\3.0.4\source\rtl\objpas\sysutils\filutilh.inc"/>
        <EditorIndex Value="-1"/>
        <TopLine Value="76"/>
        <CursorPos X="3" Y="97"/>
        <UsageCount Value="8"/>
      </Unit8>
      <Unit9>
        <Filename Value="uphrasetemplate.pas"/>
        <IsPartOfProject Value="True"/>
        <ComponentName Value="PhraseTemplateForm"/>
        <HasResources Value="True"/>
        <ResourceBaseClass Value="Form"/>
        <UnitName Value="uPhraseTemplate"/>
        <EditorIndex Value="2"/>
        <TopLine Value="122"/>
        <CursorPos X="17" Y="126"/>
        <UsageCount Value="71"/>
        <Loaded Value="True"/>
        <LoadedDesigner Value="True"/>
      </Unit9>
      <Unit10>
        <Filename Value="D:\Soft\lazarus\lcl\interfaces\win32\win32memostrings.inc"/>
        <EditorIndex Value="-1"/>
        <TopLine Value="55"/>
        <CursorPos Y="78"/>
        <UsageCount Value="10"/>
      </Unit10>
    </Units>
    <JumpHistory Count="29" HistoryIndex="28">
      <Position1>
        <Filename Value="umain.pas"/>
        <Caret Line="492" TopLine="468"/>
      </Position1>
      <Position2>
        <Filename Value="umain.pas"/>
        <Caret Line="501" TopLine="486"/>
      </Position2>
      <Position3>
        <Filename Value="umain.pas"/>
        <Caret Line="492" TopLine="486"/>
      </Position3>
      <Position4>
        <Filename Value="umain.pas"/>
        <Caret Line="518" TopLine="503"/>
      </Position4>
      <Position5>
        <Filename Value="umain.pas"/>
        <Caret Line="480" Column="22" TopLine="451"/>
      </Position5>
      <Position6>
        <Filename Value="umain.pas"/>
        <Caret Line="477" Column="22" TopLine="462"/>
      </Position6>
      <Position7>
        <Filename Value="umain.pas"/>
        <Caret Line="261" Column="24" TopLine="242"/>
      </Position7>
      <Position8>
        <Filename Value="umain.pas"/>
        <Caret Line="371" TopLine="368"/>
      </Position8>
      <Position9>
        <Filename Value="umain.pas"/>
        <Caret Line="4"/>
      </Position9>
      <Position10>
        <Filename Value="umain.pas"/>
        <Caret Line="255" Column="3" TopLine="247"/>
      </Position10>
      <Position11>
        <Filename Value="umain.pas"/>
        <Caret Line="467" TopLine="453"/>
      </Position11>
      <Position12>
        <Filename Value="umain.pas"/>
        <Caret Line="465" TopLine="453"/>
      </Position12>
      <Position13>
        <Filename Value="umain.pas"/>
        <Caret Line="467" TopLine="458"/>
      </Position13>
      <Position14>
        <Filename Value="umain.pas"/>
        <Caret Line="492" TopLine="477"/>
      </Position14>
      <Position15>
        <Filename Value="umain.pas"/>
        <Caret Line="493" TopLine="477"/>
      </Position15>
      <Position16>
        <Filename Value="umain.pas"/>
        <Caret Line="499" TopLine="477"/>
      </Position16>
      <Position17>
        <Filename Value="umain.pas"/>
        <Caret Line="516" TopLine="501"/>
      </Position17>
      <Position18>
        <Filename Value="umain.pas"/>
        <Caret Line="533" TopLine="518"/>
      </Position18>
      <Position19>
        <Filename Value="umain.pas"/>
        <Caret Line="534" TopLine="518"/>
      </Position19>
      <Position20>
        <Filename Value="umain.pas"/>
        <Caret Line="535" TopLine="518"/>
      </Position20>
      <Position21>
        <Filename Value="umain.pas"/>
        <Caret Line="536" TopLine="518"/>
      </Position21>
      <Position22>
        <Filename Value="umain.pas"/>
        <Caret Line="267" Column="31" TopLine="257"/>
      </Position22>
      <Position23>
        <Filename Value="umain.pas"/>
        <Caret Line="291" Column="31" TopLine="267"/>
      </Position23>
      <Position24>
        <Filename Value="umain.pas"/>
        <Caret Line="307" Column="31" TopLine="283"/>
      </Position24>
      <Position25>
        <Filename Value="umain.pas"/>
        <Caret Line="332" Column="31" TopLine="308"/>
      </Position25>
      <Position26>
        <Filename Value="umain.pas"/>
        <Caret Line="715" TopLine="687"/>
      </Position26>
      <Position27>
        <Filename Value="umain.pas"/>
        <Caret Line="717" TopLine="689"/>
      </Position27>
      <Position28>
        <Filename Value="umain.pas"/>
        <Caret Line="1196" Column="25" TopLine="1192"/>
      </Position28>
      <Position29>
        <Filename Value="umain.pas"/>
        <Caret Line="1196" Column="25" TopLine="1192"/>
      </Position29>
    </JumpHistory>
  </ProjectOptions>
  <CompilerOptions>
    <Version Value="11"/>
    <PathDelim Value="\"/>
    <Target>
      <Filename Value="TesterHelper"/>
    </Target>
    <SearchPaths>
      <IncludeFiles Value="$(ProjOutDir)"/>
      <OtherUnitFiles Value="..\Test"/>
      <UnitOutputDirectory Value="lib\$(TargetCPU)-$(TargetOS)"/>
    </SearchPaths>
    <CodeGeneration>
      <SmartLinkUnit Value="True"/>
      <SmallerCode Value="True"/>
    </CodeGeneration>
    <Linking>
      <Debugging>
        <GenerateDebugInfo Value="False"/>
        <StripSymbols Value="True"/>
        <UseExternalDbgSyms Value="True"/>
      </Debugging>
      <LinkSmart Value="True"/>
      <Options>
        <Win32>
          <GraphicApplication Value="True"/>
        </Win32>
      </Options>
    </Linking>
  </CompilerOptions>
  <Debugging>
    <Watches Count="1">
      <Item1>
        <Expression Value="PosStr"/>
      </Item1>
    </Watches>
    <Exceptions Count="3">
      <Item1>
        <Name Value="EAbort"/>
      </Item1>
      <Item2>
        <Name Value="ECodetoolError"/>
      </Item2>
      <Item3>
        <Name Value="EFOpenError"/>
      </Item3>
    </Exceptions>
  </Debugging>
</CONFIG>
